// !$*UTF8*$!
{
	archiveVersion = 1;
	classes = {
	};
	objectVersion = 55;
	objects = {

/* Begin PBXBuildFile section */
		CE04F2D328988A7D00D6522A /* AppDelegate.swift in Sources */ = {isa = PBXBuildFile; fileRef = CE04F2D228988A7D00D6522A /* AppDelegate.swift */; };
		CE04F2D528988A7D00D6522A /* SceneDelegate.swift in Sources */ = {isa = PBXBuildFile; fileRef = CE04F2D428988A7D00D6522A /* SceneDelegate.swift */; };
		CE04F2D728988A7D00D6522A /* ViewController.swift in Sources */ = {isa = PBXBuildFile; fileRef = CE04F2D628988A7D00D6522A /* ViewController.swift */; };
		CE04F2DA28988A7D00D6522A /* Main.storyboard in Resources */ = {isa = PBXBuildFile; fileRef = CE04F2D828988A7D00D6522A /* Main.storyboard */; };
		CE04F2DC28988A7E00D6522A /* Assets.xcassets in Resources */ = {isa = PBXBuildFile; fileRef = CE04F2DB28988A7E00D6522A /* Assets.xcassets */; };
		CE04F2DF28988A7E00D6522A /* LaunchScreen.storyboard in Resources */ = {isa = PBXBuildFile; fileRef = CE04F2DD28988A7E00D6522A /* LaunchScreen.storyboard */; };
		CE04F2E728988C6700D6522A /* CryptoTableViewCell.swift in Sources */ = {isa = PBXBuildFile; fileRef = CE04F2E628988C6700D6522A /* CryptoTableViewCell.swift */; };
		CE04F2ED2898908400D6522A /* CryptoCurrency.swift in Sources */ = {isa = PBXBuildFile; fileRef = CE04F2EC2898908400D6522A /* CryptoCurrency.swift */; };
		CE04F2EF289892F500D6522A /* WebService.swift in Sources */ = {isa = PBXBuildFile; fileRef = CE04F2EE289892F500D6522A /* WebService.swift */; };
		CE04F2F1289899AA00D6522A /* CryptoViewModel.swift in Sources */ = {isa = PBXBuildFile; fileRef = CE04F2F0289899AA00D6522A /* CryptoViewModel.swift */; };
/* End PBXBuildFile section */

/* Begin PBXFileReference section */
		CE04F2CF28988A7D00D6522A /* CryptoCrazy.app */ = {isa = PBXFileReference; explicitFileType = wrapper.application; includeInIndex = 0; path = CryptoCrazy.app; sourceTree = BUILT_PRODUCTS_DIR; };
		CE04F2D228988A7D00D6522A /* AppDelegate.swift */ = {isa = PBXFileReference; lastKnownFileType = sourcecode.swift; path = AppDelegate.swift; sourceTree = "<group>"; };
		CE04F2D428988A7D00D6522A /* SceneDelegate.swift */ = {isa = PBXFileReference; lastKnownFileType = sourcecode.swift; path = SceneDelegate.swift; sourceTree = "<group>"; };
		CE04F2D628988A7D00D6522A /* ViewController.swift */ = {isa = PBXFileReference; lastKnownFileType = sourcecode.swift; path = ViewController.swift; sourceTree = "<group>"; };
		CE04F2D928988A7D00D6522A /* Base */ = {isa = PBXFileReference; lastKnownFileType = file.storyboard; name = Base; path = Base.lproj/Main.storyboard; sourceTree = "<group>"; };
		CE04F2DB28988A7E00D6522A /* Assets.xcassets */ = {isa = PBXFileReference; lastKnownFileType = folder.assetcatalog; path = Assets.xcassets; sourceTree = "<group>"; };
		CE04F2DE28988A7E00D6522A /* Base */ = {isa = PBXFileReference; lastKnownFileType = file.storyboard; name = Base; path = Base.lproj/LaunchScreen.storyboard; sourceTree = "<group>"; };
		CE04F2E028988A7E00D6522A /* Info.plist */ = {isa = PBXFileReference; lastKnownFileType = text.plist.xml; path = Info.plist; sourceTree = "<group>"; };
		CE04F2E628988C6700D6522A /* CryptoTableViewCell.swift */ = {isa = PBXFileReference; lastKnownFileType = sourcecode.swift; path = CryptoTableViewCell.swift; sourceTree = "<group>"; };
		CE04F2EC2898908400D6522A /* CryptoCurrency.swift */ = {isa = PBXFileReference; lastKnownFileType = sourcecode.swift; path = CryptoCurrency.swift; sourceTree = "<group>"; };
		CE04F2EE289892F500D6522A /* WebService.swift */ = {isa = PBXFileReference; lastKnownFileType = sourcecode.swift; path = WebService.swift; sourceTree = "<group>"; };
		CE04F2F0289899AA00D6522A /* CryptoViewModel.swift */ = {isa = PBXFileReference; lastKnownFileType = sourcecode.swift; path = CryptoViewModel.swift; sourceTree = "<group>"; };
/* End PBXFileReference section */

/* Begin PBXFrameworksBuildPhase section */
		CE04F2CC28988A7D00D6522A /* Frameworks */ = {
			isa = PBXFrameworksBuildPhase;
			buildActionMask = 2147483647;
			files = (
			);
			runOnlyForDeploymentPostprocessing = 0;
		};
/* End PBXFrameworksBuildPhase section */

/* Begin PBXGroup section */
		CE04F2C628988A7D00D6522A = {
			isa = PBXGroup;
			children = (
				CE04F2D128988A7D00D6522A /* CryptoCrazy */,
				CE04F2D028988A7D00D6522A /* Products */,
			);
			sourceTree = "<group>";
		};
		CE04F2D028988A7D00D6522A /* Products */ = {
			isa = PBXGroup;
			children = (
				CE04F2CF28988A7D00D6522A /* CryptoCrazy.app */,
			);
			name = Products;
			sourceTree = "<group>";
		};
		CE04F2D128988A7D00D6522A /* CryptoCrazy */ = {
			isa = PBXGroup;
			children = (
				CE04F2EB2898900600D6522A /* Service */,
				CE04F2EA28988FBE00D6522A /* ViewModel */,
				CE04F2E928988FA300D6522A /* Model */,
				CE04F2E828988F9500D6522A /* View */,
				CE04F2D828988A7D00D6522A /* Main.storyboard */,
				CE04F2DB28988A7E00D6522A /* Assets.xcassets */,
				CE04F2DD28988A7E00D6522A /* LaunchScreen.storyboard */,
				CE04F2E028988A7E00D6522A /* Info.plist */,
			);
			path = CryptoCrazy;
			sourceTree = "<group>";
		};
		CE04F2E828988F9500D6522A /* View */ = {
			isa = PBXGroup;
			children = (
				CE04F2E628988C6700D6522A /* CryptoTableViewCell.swift */,
				CE04F2D628988A7D00D6522A /* ViewController.swift */,
				CE04F2D428988A7D00D6522A /* SceneDelegate.swift */,
				CE04F2D228988A7D00D6522A /* AppDelegate.swift */,
			);
			path = View;
			sourceTree = "<group>";
		};
		CE04F2E928988FA300D6522A /* Model */ = {
			isa = PBXGroup;
			children = (
				CE04F2EC2898908400D6522A /* CryptoCurrency.swift */,
			);
			path = Model;
			sourceTree = "<group>";
		};
		CE04F2EA28988FBE00D6522A /* ViewModel */ = {
			isa = PBXGroup;
			children = (
				CE04F2F0289899AA00D6522A /* CryptoViewModel.swift */,
			);
			path = ViewModel;
			sourceTree = "<group>";
		};
		CE04F2EB2898900600D6522A /* Service */ = {
			isa = PBXGroup;
			children = (
				CE04F2EE289892F500D6522A /* WebService.swift */,
			);
			path = Service;
			sourceTree = "<group>";
		};
/* End PBXGroup section */

/* Begin PBXNativeTarget section */
		CE04F2CE28988A7D00D6522A /* CryptoCrazy */ = {
			isa = PBXNativeTarget;
			buildConfigurationList = CE04F2E328988A7E00D6522A /* Build configuration list for PBXNativeTarget "CryptoCrazy" */;
			buildPhases = (
				CE04F2CB28988A7D00D6522A /* Sources */,
				CE04F2CC28988A7D00D6522A /* Frameworks */,
				CE04F2CD28988A7D00D6522A /* Resources */,
			);
			buildRules = (
			);
			dependencies = (
			);
			name = CryptoCrazy;
			productName = CryptoCrazy;
			productReference = CE04F2CF28988A7D00D6522A /* CryptoCrazy.app */;
			productType = "com.apple.product-type.application";
		};
/* End PBXNativeTarget section */

/* Begin PBXProject section */
		CE04F2C728988A7D00D6522A /* Project object */ = {
			isa = PBXProject;
			attributes = {
				BuildIndependentTargetsInParallel = 1;
				LastSwiftUpdateCheck = 1340;
				LastUpgradeCheck = 1340;
				TargetAttributes = {
					CE04F2CE28988A7D00D6522A = {
						CreatedOnToolsVersion = 13.4.1;
					};
				};
			};
			buildConfigurationList = CE04F2CA28988A7D00D6522A /* Build configuration list for PBXProject "CryptoCrazy" */;
			compatibilityVersion = "Xcode 13.0";
			developmentRegion = en;
			hasScannedForEncodings = 0;
			knownRegions = (
				en,
				Base,
			);
			mainGroup = CE04F2C628988A7D00D6522A;
			productRefGroup = CE04F2D028988A7D00D6522A /* Products */;
			projectDirPath = "";
			projectRoot = "";
			targets = (
				CE04F2CE28988A7D00D6522A /* CryptoCrazy */,
			);
		};
/* End PBXProject section */

/* Begin PBXResourcesBuildPhase section */
		CE04F2CD28988A7D00D6522A /* Resources */ = {
			isa = PBXResourcesBuildPhase;
			buildActionMask = 2147483647;
			files = (
				CE04F2DF28988A7E00D6522A /* LaunchScreen.storyboard in Resources */,
				CE04F2DC28988A7E00D6522A /* Assets.xcassets in Resources */,
				CE04F2DA28988A7D00D6522A /* Main.storyboard in Resources */,
			);
			runOnlyForDeploymentPostprocessing = 0;
		};
/* End PBXResourcesBuildPhase section */

/* Begin PBXSourcesBuildPhase section */
		CE04F2CB28988A7D00D6522A /* Sources */ = {
			isa = PBXSourcesBuildPhase;
			buildActionMask = 2147483647;
			files = (
				CE04F2EF289892F500D6522A /* WebService.swift in Sources */,
				CE04F2E728988C6700D6522A /* CryptoTableViewCell.swift in Sources */,
				CE04F2D728988A7D00D6522A /* ViewController.swift in Sources */,
				CE04F2F1289899AA00D6522A /* CryptoViewModel.swift in Sources */,
				CE04F2D328988A7D00D6522A /* AppDelegate.swift in Sources */,
				CE04F2ED2898908400D6522A /* CryptoCurrency.swift in Sources */,
				CE04F2D528988A7D00D6522A /* SceneDelegate.swift in Sources */,
			);
			runOnlyForDeploymentPostprocessing = 0;
		};
/* End PBXSourcesBuildPhase section */

/* Begin PBXVariantGroup section */
		CE04F2D828988A7D00D6522A /* Main.storyboard */ = {
			isa = PBXVariantGroup;
			children = (
				CE04F2D928988A7D00D6522A /* Base */,
			);
			name = Main.storyboard;
			sourceTree = "<group>";
		};
		CE04F2DD28988A7E00D6522A /* LaunchScreen.storyboard */ = {
			isa = PBXVariantGroup;
			children = (
				CE04F2DE28988A7E00D6522A /* Base */,
			);
			name = LaunchScreen.storyboard;
			sourceTree = "<group>";
		};
/* End PBXVariantGroup section */

/* Begin XCBuildConfiguration section */
		CE04F2E128988A7E00D6522A /* Debug */ = {
			isa = XCBuildConfiguration;
			buildSettings = {
				ALWAYS_SEARCH_USER_PATHS = NO;
				CLANG_ANALYZER_NONNULL = YES;
				CLANG_ANALYZER_NUMBER_OBJECT_CONVERSION = YES_AGGRESSIVE;
				CLANG_CXX_LANGUAGE_STANDARD = "gnu++17";
				CLANG_ENABLE_MODULES = YES;
				CLANG_ENABLE_OBJC_ARC = YES;
				CLANG_ENABLE_OBJC_WEAK = YES;
				CLANG_WARN_BLOCK_CAPTURE_AUTORELEASING = YES;
				CLANG_WARN_BOOL_CONVERSION = YES;
				CLANG_WARN_COMMA = YES;
				CLANG_WARN_CONSTANT_CONVERSION = YES;
				CLANG_WARN_DEPRECATED_OBJC_IMPLEMENTATIONS = YES;
				CLANG_WARN_DIRECT_OBJC_ISA_USAGE = YES_ERROR;
				CLANG_WARN_DOCUMENTATION_COMMENTS = YES;
				CLANG_WARN_EMPTY_BODY = YES;
				CLANG_WARN_ENUM_CONVERSION = YES;
				CLANG_WARN_INFINITE_RECURSION = YES;
				CLANG_WARN_INT_CONVERSION = YES;
				CLANG_WARN_NON_LITERAL_NULL_CONVERSION = YES;
				CLANG_WARN_OBJC_IMPLICIT_RETAIN_SELF = YES;
				CLANG_WARN_OBJC_LITERAL_CONVERSION = YES;
				CLANG_WARN_OBJC_ROOT_CLASS = YES_ERROR;
				CLANG_WARN_QUOTED_INCLUDE_IN_FRAMEWORK_HEADER = YES;
				CLANG_WARN_RANGE_LOOP_ANALYSIS = YES;
				CLANG_WARN_STRICT_PROTOTYPES = YES;
				CLANG_WARN_SUSPICIOUS_MOVE = YES;
				CLANG_WARN_UNGUARDED_AVAILABILITY = YES_AGGRESSIVE;
				CLANG_WARN_UNREACHABLE_CODE = YES;
				CLANG_WARN__DUPLICATE_METHOD_MATCH = YES;
				COPY_PHASE_STRIP = NO;
				DEBUG_INFORMATION_FORMAT = dwarf;
				ENABLE_STRICT_OBJC_MSGSEND = YES;
				ENABLE_TESTABILITY = YES;
				GCC_C_LANGUAGE_STANDARD = gnu11;
				GCC_DYNAMIC_NO_PIC = NO;
				GCC_NO_COMMON_BLOCKS = YES;
				GCC_OPTIMIZATION_LEVEL = 0;
				GCC_PREPROCESSOR_DEFINITIONS = (
					"DEBUG=1",
					"$(inherited)",
				);
				GCC_WARN_64_TO_32_BIT_CONVERSION = YES;
				GCC_WARN_ABOUT_RETURN_TYPE = YES_ERROR;
				GCC_WARN_UNDECLARED_SELECTOR = YES;
				GCC_WARN_UNINITIALIZED_AUTOS = YES_AGGRESSIVE;
				GCC_WARN_UNUSED_FUNCTION = YES;
				GCC_WARN_UNUSED_VARIABLE = YES;
				IPHONEOS_DEPLOYMENT_TARGET = 15.5;
				MTL_ENABLE_DEBUG_INFO = INCLUDE_SOURCE;
				MTL_FAST_MATH = YES;
				ONLY_ACTIVE_ARCH = YES;
				SDKROOT = iphoneos;
				SWIFT_ACTIVE_COMPILATION_CONDITIONS = DEBUG;
				SWIFT_OPTIMIZATION_LEVEL = "-Onone";
			};
			name = Debug;
		};
		CE04F2E228988A7E00D6522A /* Release */ = {
			isa = XCBuildConfiguration;
			buildSettings = {
				ALWAYS_SEARCH_USER_PATHS = NO;
				CLANG_ANALYZER_NONNULL = YES;
				CLANG_ANALYZER_NUMBER_OBJECT_CONVERSION = YES_AGGRESSIVE;
				CLANG_CXX_LANGUAGE_STANDARD = "gnu++17";
				CLANG_ENABLE_MODULES = YES;
				CLANG_ENABLE_OBJC_ARC = YES;
				CLANG_ENABLE_OBJC_WEAK = YES;
				CLANG_WARN_BLOCK_CAPTURE_AUTORELEASING = YES;
				CLANG_WARN_BOOL_CONVERSION = YES;
				CLANG_WARN_COMMA = YES;
				CLANG_WARN_CONSTANT_CONVERSION = YES;
				CLANG_WARN_DEPRECATED_OBJC_IMPLEMENTATIONS = YES;
				CLANG_WARN_DIRECT_OBJC_ISA_USAGE = YES_ERROR;
				CLANG_WARN_DOCUMENTATION_COMMENTS = YES;
				CLANG_WARN_EMPTY_BODY = YES;
				CLANG_WARN_ENUM_CONVERSION = YES;
				CLANG_WARN_INFINITE_RECURSION = YES;
				CLANG_WARN_INT_CONVERSION = YES;
				CLANG_WARN_NON_LITERAL_NULL_CONVERSION = YES;
				CLANG_WARN_OBJC_IMPLICIT_RETAIN_SELF = YES;
				CLANG_WARN_OBJC_LITERAL_CONVERSION = YES;
				CLANG_WARN_OBJC_ROOT_CLASS = YES_ERROR;
				CLANG_WARN_QUOTED_INCLUDE_IN_FRAMEWORK_HEADER = YES;
				CLANG_WARN_RANGE_LOOP_ANALYSIS = YES;
				CLANG_WARN_STRICT_PROTOTYPES = YES;
				CLANG_WARN_SUSPICIOUS_MOVE = YES;
				CLANG_WARN_UNGUARDED_AVAILABILITY = YES_AGGRESSIVE;
				CLANG_WARN_UNREACHABLE_CODE = YES;
				CLANG_WARN__DUPLICATE_METHOD_MATCH = YES;
				COPY_PHASE_STRIP = NO;
				DEBUG_INFORMATION_FORMAT = "dwarf-with-dsym";
				ENABLE_NS_ASSERTIONS = NO;
				ENABLE_STRICT_OBJC_MSGSEND = YES;
				GCC_C_LANGUAGE_STANDARD = gnu11;
				GCC_NO_COMMON_BLOCKS = YES;
				GCC_WARN_64_TO_32_BIT_CONVERSION = YES;
				GCC_WARN_ABOUT_RETURN_TYPE = YES_ERROR;
				GCC_WARN_UNDECLARED_SELECTOR = YES;
				GCC_WARN_UNINITIALIZED_AUTOS = YES_AGGRESSIVE;
				GCC_WARN_UNUSED_FUNCTION = YES;
				GCC_WARN_UNUSED_VARIABLE = YES;
				IPHONEOS_DEPLOYMENT_TARGET = 15.5;
				MTL_ENABLE_DEBUG_INFO = NO;
				MTL_FAST_MATH = YES;
				SDKROOT = iphoneos;
				SWIFT_COMPILATION_MODE = wholemodule;
				SWIFT_OPTIMIZATION_LEVEL = "-O";
				VALIDATE_PRODUCT = YES;
			};
			name = Release;
		};
		CE04F2E428988A7E00D6522A /* Debug */ = {
			isa = XCBuildConfiguration;
			buildSettings = {
				ASSETCATALOG_COMPILER_APPICON_NAME = AppIcon;
				ASSETCATALOG_COMPILER_GLOBAL_ACCENT_COLOR_NAME = AccentColor;
				CODE_SIGN_STYLE = Automatic;
				CURRENT_PROJECT_VERSION = 1;
				GENERATE_INFOPLIST_FILE = YES;
				INFOPLIST_FILE = CryptoCrazy/Info.plist;
				INFOPLIST_KEY_UIApplicationSupportsIndirectInputEvents = YES;
				INFOPLIST_KEY_UILaunchStoryboardName = LaunchScreen;
				INFOPLIST_KEY_UIMainStoryboardFile = Main;
				INFOPLIST_KEY_UISupportedInterfaceOrientations_iPad = "UIInterfaceOrientationPortrait UIInterfaceOrientationPortraitUpsideDown UIInterfaceOrientationLandscapeLeft UIInterfaceOrientationLandscapeRight";
				INFOPLIST_KEY_UISupportedInterfaceOrientations_iPhone = "UIInterfaceOrientationPortrait UIInterfaceOrientationLandscapeLeft UIInterfaceOrientationLandscapeRight";
				LD_RUNPATH_SEARCH_PATHS = (
					"$(inherited)",
					"@executable_path/Frameworks",
				);
				MARKETING_VERSION = 1.0;
				PRODUCT_BUNDLE_IDENTIFIER = com.iremakgoz.CryptoCrazy;
				PRODUCT_NAME = "$(TARGET_NAME)";
				SWIFT_EMIT_LOC_STRINGS = YES;
				SWIFT_VERSION = 5.0;
				TARGETED_DEVICE_FAMILY = "1,2";
			};
			name = Debug;
		};
		CE04F2E528988A7E00D6522A /* Release */ = {
			isa = XCBuildConfiguration;
			buildSettings = {
				ASSETCATALOG_COMPILER_APPICON_NAME = AppIcon;
				ASSETCATALOG_COMPILER_GLOBAL_ACCENT_COLOR_NAME = AccentColor;
				CODE_SIGN_STYLE = Automatic;
				CURRENT_PROJECT_VERSION = 1;
				GENERATE_INFOPLIST_FILE = YES;
				INFOPLIST_FILE = CryptoCrazy/Info.plist;
				INFOPLIST_KEY_UIApplicationSupportsIndirectInputEvents = YES;
				INFOPLIST_KEY_UILaunchStoryboardName = LaunchScreen;
				INFOPLIST_KEY_UIMainStoryboardFile = Main;
				INFOPLIST_KEY_UISupportedInterfaceOrientations_iPad = "UIInterfaceOrientationPortrait UIInterfaceOrientationPortraitUpsideDown UIInterfaceOrientationLandscapeLeft UIInterfaceOrientationLandscapeRight";
				INFOPLIST_KEY_UISupportedInterfaceOrientations_iPhone = "UIInterfaceOrientationPortrait UIInterfaceOrientationLandscapeLeft UIInterfaceOrientationLandscapeRight";
				LD_RUNPATH_SEARCH_PATHS = (
					"$(inherited)",
					"@executable_path/Frameworks",
				);
				MARKETING_VERSION = 1.0;
				PRODUCT_BUNDLE_IDENTIFIER = com.iremakgoz.CryptoCrazy;
				PRODUCT_NAME = "$(TARGET_NAME)";
				SWIFT_EMIT_LOC_STRINGS = YES;
				SWIFT_VERSION = 5.0;
				TARGETED_DEVICE_FAMILY = "1,2";
			};
			name = Release;
		};
/* End XCBuildConfiguration section */

/* Begin XCConfigurationList section */
		CE04F2CA28988A7D00D6522A /* Build configuration list for PBXProject "CryptoCrazy" */ = {
			isa = XCConfigurationList;
			buildConfigurations = (
				CE04F2E128988A7E00D6522A /* Debug */,
				CE04F2E228988A7E00D6522A /* Release */,
			);
			defaultConfigurationIsVisible = 0;
			defaultConfigurationName = Release;
		};
		CE04F2E328988A7E00D6522A /* Build configuration list for PBXNativeTarget "CryptoCrazy" */ = {
			isa = XCConfigurationList;
			buildConfigurations = (
				CE04F2E428988A7E00D6522A /* Debug */,
				CE04F2E528988A7E00D6522A /* Release */,
			);
			defaultConfigurationIsVisible = 0;
			defaultConfigurationName = Release;
		};
/* End XCConfigurationList section */
	};
	rootObject = CE04F2C728988A7D00D6522A /* Project object */;
}
